
Microsoft Visual Studio Solution File, Format Version 12.00
# Visual Studio Version 16
VisualStudioVersion = 16.0.30503.244
MinimumVisualStudioVersion = 10.0.40219.1
Project("{FAE04EC0-301F-11D3-BF4B-00C04F79EFBC}") = "Exercicio-Abristact-tax(Imposto)", "Exercicio-Abristact-tax(Imposto)\Exercicio-Abristact-tax(Imposto).csproj", "{4F111CD6-9D64-437D-9554-2A1C41319087}"
EndProject
Global
	GlobalSection(SolutionConfigurationPlatforms) = preSolution
		Debug|Any CPU = Debug|Any CPU
		Release|Any CPU = Release|Any CPU
	EndGlobalSection
	GlobalSection(ProjectConfigurationPlatforms) = postSolution
		{4F111CD6-9D64-437D-9554-2A1C41319087}.Debug|Any CPU.ActiveCfg = Debug|Any CPU
		{4F111CD6-9D64-437D-9554-2A1C41319087}.Debug|Any CPU.Build.0 = Debug|Any CPU
		{4F111CD6-9D64-437D-9554-2A1C41319087}.Release|Any CPU.ActiveCfg = Release|Any CPU
		{4F111CD6-9D64-437D-9554-2A1C41319087}.Release|Any CPU.Build.0 = Release|Any CPU
	EndGlobalSection
	GlobalSection(SolutionProperties) = preSolution
		HideSolutionNode = FALSE
	EndGlobalSection
	GlobalSection(ExtensibilityGlobals) = postSolution
		SolutionGuid = {9E8D7C26-BB87-435D-A925-E0E0CAC88F54}
	EndGlobalSection
EndGlobal
